<?xml version="1.0" encoding="utf-8"?>
<Project ToolsVersion="4.0" xmlns="http://schemas.microsoft.com/developer/msbuild/2003">
  <ItemGroup>
    <ClInclude Include="ContentsCore.h" />
    <ClInclude Include="CoreWindow.h" />
    <ClInclude Include="ServerWindow.h" />
    <ClInclude Include="PrecompiledHeader.h" />
    <ClInclude Include="NetObject.h" />
    <ClInclude Include="NetObejctServer.h" />
  </ItemGroup>
  <ItemGroup>
    <ClCompile Include="ContentsCore.cpp" />
    <ClCompile Include="CoreWindow.cpp" />
    <ClCompile Include="ServerWindow.cpp" />
    <ClCompile Include="PrecompiledHeader.cpp" />
    <ClCompile Include="NetObject.cpp" />
    <ClCompile Include="NetObejctServer.cpp" />
  </ItemGroup>
</Project>